
Microsoft Visual Studio Solution File, Format Version 12.00
# Visual Studio Version 16
VisualStudioVersion = 16.0.31424.327
MinimumVisualStudioVersion = 10.0.40219.1
Project("{FAE04EC0-301F-11D3-BF4B-00C04F79EFBC}") = "MecanicProRD", "MecanicProRD.csproj", "{ED57F73C-F8A5-408F-9DDC-E9D073915BD3}"
EndProject
Global
	GlobalSection(SolutionConfigurationPlatforms) = preSolution
		Debug|Any CPU = Debug|Any CPU
		Release|Any CPU = Release|Any CPU
	EndGlobalSection
	GlobalSection(ProjectConfigurationPlatforms) = postSolution
		{ED57F73C-F8A5-408F-9DDC-E9D073915BD3}.Debug|Any CPU.ActiveCfg = Debug|Any CPU
		{ED57F73C-F8A5-408F-9DDC-E9D073915BD3}.Debug|Any CPU.Build.0 = Debug|Any CPU
		{ED57F73C-F8A5-408F-9DDC-E9D073915BD3}.Release|Any CPU.ActiveCfg = Release|Any CPU
		{ED57F73C-F8A5-408F-9DDC-E9D073915BD3}.Release|Any CPU.Build.0 = Release|Any CPU
	EndGlobalSection
	GlobalSection(SolutionProperties) = preSolution
		HideSolutionNode = FALSE
	EndGlobalSection
	GlobalSection(ExtensibilityGlobals) = postSolution
		SolutionGuid = {AA83F041-368B-4838-A3BB-C0F3504BD0AF}
	EndGlobalSection
EndGlobal
